// !$*UTF8*$!
{
	archiveVersion = 1;
	classes = {
	};
	objectVersion = 52;
	objects = {

/* Begin PBXBuildFile section */
		554EF41323D7C27700AB25DC /* FileManager+Extension.swift in Sources */ = {isa = PBXBuildFile; fileRef = 554EF41223D7C27700AB25DC /* FileManager+Extension.swift */; };
		554EF41523D7CD3900AB25DC /* PersistanceHelper.swift in Sources */ = {isa = PBXBuildFile; fileRef = 554EF41423D7CD3900AB25DC /* PersistanceHelper.swift */; };
		559CE70823D7A6A900EBC610 /* AppDelegate.swift in Sources */ = {isa = PBXBuildFile; fileRef = 559CE70723D7A6A900EBC610 /* AppDelegate.swift */; };
		559CE70A23D7A6A900EBC610 /* SceneDelegate.swift in Sources */ = {isa = PBXBuildFile; fileRef = 559CE70923D7A6A900EBC610 /* SceneDelegate.swift */; };
		559CE70C23D7A6A900EBC610 /* mainViewController.swift in Sources */ = {isa = PBXBuildFile; fileRef = 559CE70B23D7A6A900EBC610 /* mainViewController.swift */; };
		559CE70F23D7A6A900EBC610 /* Main.storyboard in Resources */ = {isa = PBXBuildFile; fileRef = 559CE70D23D7A6A900EBC610 /* Main.storyboard */; };
		559CE71123D7A6AE00EBC610 /* Assets.xcassets in Resources */ = {isa = PBXBuildFile; fileRef = 559CE71023D7A6AE00EBC610 /* Assets.xcassets */; };
		559CE71423D7A6AE00EBC610 /* LaunchScreen.storyboard in Resources */ = {isa = PBXBuildFile; fileRef = 559CE71223D7A6AE00EBC610 /* LaunchScreen.storyboard */; };
		559CE71F23D7AAB600EBC610 /* DetailsViewController.swift in Sources */ = {isa = PBXBuildFile; fileRef = 559CE71E23D7AAB600EBC610 /* DetailsViewController.swift */; };
		559CE72123D7AACD00EBC610 /* FavsViewController.swift in Sources */ = {isa = PBXBuildFile; fileRef = 559CE72023D7AACD00EBC610 /* FavsViewController.swift */; };
		559CE72423D7AF2D00EBC610 /* PhotosAPIClient.swift in Sources */ = {isa = PBXBuildFile; fileRef = 559CE72323D7AF2D00EBC610 /* PhotosAPIClient.swift */; };
		559CE72723D7B05300EBC610 /* photosModel.swift in Sources */ = {isa = PBXBuildFile; fileRef = 559CE72623D7B05300EBC610 /* photosModel.swift */; };
		559CE72A23D7B55E00EBC610 /* ImageKit in Frameworks */ = {isa = PBXBuildFile; productRef = 559CE72923D7B55E00EBC610 /* ImageKit */; };
		559CE72C23D7B59500EBC610 /* AppError.swift in Sources */ = {isa = PBXBuildFile; fileRef = 559CE72B23D7B59500EBC610 /* AppError.swift */; };
		55AE762723D8DDE000AB976B /* PhotoCell.swift in Sources */ = {isa = PBXBuildFile; fileRef = 55AE762623D8DDE000AB976B /* PhotoCell.swift */; };
		55AE762B23D8DF0200AB976B /* UIImage extension .swift in Sources */ = {isa = PBXBuildFile; fileRef = 55AE762A23D8DF0200AB976B /* UIImage extension .swift */; };
		55BCD03E23DA35E5005BA92F /* Secrets.swift in Sources */ = {isa = PBXBuildFile; fileRef = 55BCD03D23DA35E5005BA92F /* Secrets.swift */; };
		55F876F223D8FC1200D1F6EE /* Alert+Extension.swift in Sources */ = {isa = PBXBuildFile; fileRef = 55F876F123D8FC1200D1F6EE /* Alert+Extension.swift */; };
/* End PBXBuildFile section */

/* Begin PBXFileReference section */
		554EF41223D7C27700AB25DC /* FileManager+Extension.swift */ = {isa = PBXFileReference; lastKnownFileType = sourcecode.swift; path = "FileManager+Extension.swift"; sourceTree = "<group>"; };
		554EF41423D7CD3900AB25DC /* PersistanceHelper.swift */ = {isa = PBXFileReference; lastKnownFileType = sourcecode.swift; path = PersistanceHelper.swift; sourceTree = "<group>"; };
		559CE70423D7A6A900EBC610 /* Persistence-Lab.app */ = {isa = PBXFileReference; explicitFileType = wrapper.application; includeInIndex = 0; path = "Persistence-Lab.app"; sourceTree = BUILT_PRODUCTS_DIR; };
		559CE70723D7A6A900EBC610 /* AppDelegate.swift */ = {isa = PBXFileReference; lastKnownFileType = sourcecode.swift; path = AppDelegate.swift; sourceTree = "<group>"; };
		559CE70923D7A6A900EBC610 /* SceneDelegate.swift */ = {isa = PBXFileReference; lastKnownFileType = sourcecode.swift; path = SceneDelegate.swift; sourceTree = "<group>"; };
		559CE70B23D7A6A900EBC610 /* mainViewController.swift */ = {isa = PBXFileReference; lastKnownFileType = sourcecode.swift; path = mainViewController.swift; sourceTree = "<group>"; };
		559CE70E23D7A6A900EBC610 /* Base */ = {isa = PBXFileReference; lastKnownFileType = file.storyboard; name = Base; path = Base.lproj/Main.storyboard; sourceTree = "<group>"; };
		559CE71023D7A6AE00EBC610 /* Assets.xcassets */ = {isa = PBXFileReference; lastKnownFileType = folder.assetcatalog; path = Assets.xcassets; sourceTree = "<group>"; };
		559CE71323D7A6AE00EBC610 /* Base */ = {isa = PBXFileReference; lastKnownFileType = file.storyboard; name = Base; path = Base.lproj/LaunchScreen.storyboard; sourceTree = "<group>"; };
		559CE71523D7A6AE00EBC610 /* Info.plist */ = {isa = PBXFileReference; lastKnownFileType = text.plist.xml; path = Info.plist; sourceTree = "<group>"; };
		559CE71E23D7AAB600EBC610 /* DetailsViewController.swift */ = {isa = PBXFileReference; lastKnownFileType = sourcecode.swift; path = DetailsViewController.swift; sourceTree = "<group>"; };
		559CE72023D7AACD00EBC610 /* FavsViewController.swift */ = {isa = PBXFileReference; lastKnownFileType = sourcecode.swift; path = FavsViewController.swift; sourceTree = "<group>"; };
		559CE72323D7AF2D00EBC610 /* PhotosAPIClient.swift */ = {isa = PBXFileReference; lastKnownFileType = sourcecode.swift; path = PhotosAPIClient.swift; sourceTree = "<group>"; };
		559CE72623D7B05300EBC610 /* photosModel.swift */ = {isa = PBXFileReference; lastKnownFileType = sourcecode.swift; path = photosModel.swift; sourceTree = "<group>"; };
		559CE72B23D7B59500EBC610 /* AppError.swift */ = {isa = PBXFileReference; lastKnownFileType = sourcecode.swift; path = AppError.swift; sourceTree = "<group>"; };
		55AE762623D8DDE000AB976B /* PhotoCell.swift */ = {isa = PBXFileReference; lastKnownFileType = sourcecode.swift; path = PhotoCell.swift; sourceTree = "<group>"; };
		55AE762A23D8DF0200AB976B /* UIImage extension .swift */ = {isa = PBXFileReference; lastKnownFileType = sourcecode.swift; path = "UIImage extension .swift"; sourceTree = "<group>"; };
		55BCD03D23DA35E5005BA92F /* Secrets.swift */ = {isa = PBXFileReference; lastKnownFileType = sourcecode.swift; path = Secrets.swift; sourceTree = "<group>"; };
		55F876F123D8FC1200D1F6EE /* Alert+Extension.swift */ = {isa = PBXFileReference; lastKnownFileType = sourcecode.swift; path = "Alert+Extension.swift"; sourceTree = "<group>"; };
/* End PBXFileReference section */

/* Begin PBXFrameworksBuildPhase section */
		559CE70123D7A6A900EBC610 /* Frameworks */ = {
			isa = PBXFrameworksBuildPhase;
			buildActionMask = 2147483647;
			files = (
				559CE72A23D7B55E00EBC610 /* ImageKit in Frameworks */,
			);
			runOnlyForDeploymentPostprocessing = 0;
		};
/* End PBXFrameworksBuildPhase section */

/* Begin PBXGroup section */
		554EF41123D7C25E00AB25DC /* Data Persistance */ = {
			isa = PBXGroup;
			children = (
				554EF41223D7C27700AB25DC /* FileManager+Extension.swift */,
				554EF41423D7CD3900AB25DC /* PersistanceHelper.swift */,
			);
			path = "Data Persistance";
			sourceTree = "<group>";
		};
		559CE6FB23D7A6A900EBC610 = {
			isa = PBXGroup;
			children = (
				559CE70623D7A6A900EBC610 /* Persistence-Lab */,
				559CE70523D7A6A900EBC610 /* Products */,
			);
			sourceTree = "<group>";
		};
		559CE70523D7A6A900EBC610 /* Products */ = {
			isa = PBXGroup;
			children = (
				559CE70423D7A6A900EBC610 /* Persistence-Lab.app */,
			);
			name = Products;
			sourceTree = "<group>";
		};
		559CE70623D7A6A900EBC610 /* Persistence-Lab */ = {
			isa = PBXGroup;
			children = (
				55BCD03C23DA35C0005BA92F /* Secrets */,
				559CE70D23D7A6A900EBC610 /* Main.storyboard */,
				554EF41123D7C25E00AB25DC /* Data Persistance */,
				559CE72523D7B04200EBC610 /* models */,
				559CE72223D7AEEB00EBC610 /* helper functions */,
				559CE71D23D7AA8100EBC610 /* controllers */,
				559CE71B23D7A6B700EBC610 /* supporting files */,
				559CE71523D7A6AE00EBC610 /* Info.plist */,
			);
			path = "Persistence-Lab";
			sourceTree = "<group>";
		};
		559CE71B23D7A6B700EBC610 /* supporting files */ = {
			isa = PBXGroup;
			children = (
				559CE70723D7A6A900EBC610 /* AppDelegate.swift */,
				559CE71223D7A6AE00EBC610 /* LaunchScreen.storyboard */,
				559CE71023D7A6AE00EBC610 /* Assets.xcassets */,
				559CE70923D7A6A900EBC610 /* SceneDelegate.swift */,
			);
			path = "supporting files";
			sourceTree = "<group>";
		};
		559CE71D23D7AA8100EBC610 /* controllers */ = {
			isa = PBXGroup;
			children = (
				559CE70B23D7A6A900EBC610 /* mainViewController.swift */,
				559CE72023D7AACD00EBC610 /* FavsViewController.swift */,
				559CE71E23D7AAB600EBC610 /* DetailsViewController.swift */,
			);
			path = controllers;
			sourceTree = "<group>";
		};
		559CE72223D7AEEB00EBC610 /* helper functions */ = {
			isa = PBXGroup;
			children = (
				559CE72323D7AF2D00EBC610 /* PhotosAPIClient.swift */,
				55AE762A23D8DF0200AB976B /* UIImage extension .swift */,
				55F876F123D8FC1200D1F6EE /* Alert+Extension.swift */,
			);
			path = "helper functions";
			sourceTree = "<group>";
		};
		559CE72523D7B04200EBC610 /* models */ = {
			isa = PBXGroup;
			children = (
				559CE72623D7B05300EBC610 /* photosModel.swift */,
				559CE72B23D7B59500EBC610 /* AppError.swift */,
				55AE762623D8DDE000AB976B /* PhotoCell.swift */,
			);
			path = models;
			sourceTree = "<group>";
		};
		55BCD03C23DA35C0005BA92F /* Secrets */ = {
			isa = PBXGroup;
			children = (
				55BCD03D23DA35E5005BA92F /* Secrets.swift */,
			);
			path = Secrets;
			sourceTree = "<group>";
		};
/* End PBXGroup section */

/* Begin PBXNativeTarget section */
		559CE70323D7A6A900EBC610 /* Persistence-Lab */ = {
			isa = PBXNativeTarget;
			buildConfigurationList = 559CE71823D7A6AE00EBC610 /* Build configuration list for PBXNativeTarget "Persistence-Lab" */;
			buildPhases = (
				559CE70023D7A6A900EBC610 /* Sources */,
				559CE70123D7A6A900EBC610 /* Frameworks */,
				559CE70223D7A6A900EBC610 /* Resources */,
			);
			buildRules = (
			);
			dependencies = (
			);
			name = "Persistence-Lab";
			packageProductDependencies = (
				559CE72923D7B55E00EBC610 /* ImageKit */,
			);
			productName = "Persistence-Lab";
			productReference = 559CE70423D7A6A900EBC610 /* Persistence-Lab.app */;
			productType = "com.apple.product-type.application";
		};
/* End PBXNativeTarget section */

/* Begin PBXProject section */
		559CE6FC23D7A6A900EBC610 /* Project object */ = {
			isa = PBXProject;
			attributes = {
				LastSwiftUpdateCheck = 1120;
				LastUpgradeCheck = 1120;
				ORGANIZATIONNAME = Pursuit;
				TargetAttributes = {
					559CE70323D7A6A900EBC610 = {
						CreatedOnToolsVersion = 11.2.1;
					};
				};
			};
			buildConfigurationList = 559CE6FF23D7A6A900EBC610 /* Build configuration list for PBXProject "Persistence-Lab" */;
			compatibilityVersion = "Xcode 9.3";
			developmentRegion = en;
			hasScannedForEncodings = 0;
			knownRegions = (
				en,
				Base,
			);
			mainGroup = 559CE6FB23D7A6A900EBC610;
			packageReferences = (
				559CE72823D7B55E00EBC610 /* XCRemoteSwiftPackageReference "ImageKit" */,
			);
			productRefGroup = 559CE70523D7A6A900EBC610 /* Products */;
			projectDirPath = "";
			projectRoot = "";
			targets = (
				559CE70323D7A6A900EBC610 /* Persistence-Lab */,
			);
		};
/* End PBXProject section */

/* Begin PBXResourcesBuildPhase section */
		559CE70223D7A6A900EBC610 /* Resources */ = {
			isa = PBXResourcesBuildPhase;
			buildActionMask = 2147483647;
			files = (
				559CE71423D7A6AE00EBC610 /* LaunchScreen.storyboard in Resources */,
				559CE71123D7A6AE00EBC610 /* Assets.xcassets in Resources */,
				559CE70F23D7A6A900EBC610 /* Main.storyboard in Resources */,
			);
			runOnlyForDeploymentPostprocessing = 0;
		};
/* End PBXResourcesBuildPhase section */

/* Begin PBXSourcesBuildPhase section */
		559CE70023D7A6A900EBC610 /* Sources */ = {
			isa = PBXSourcesBuildPhase;
			buildActionMask = 2147483647;
			files = (
				559CE70C23D7A6A900EBC610 /* mainViewController.swift in Sources */,
				55F876F223D8FC1200D1F6EE /* Alert+Extension.swift in Sources */,
				559CE70823D7A6A900EBC610 /* AppDelegate.swift in Sources */,
				559CE72723D7B05300EBC610 /* photosModel.swift in Sources */,
				559CE72423D7AF2D00EBC610 /* PhotosAPIClient.swift in Sources */,
				559CE72C23D7B59500EBC610 /* AppError.swift in Sources */,
				559CE72123D7AACD00EBC610 /* FavsViewController.swift in Sources */,
				559CE70A23D7A6A900EBC610 /* SceneDelegate.swift in Sources */,
				559CE71F23D7AAB600EBC610 /* DetailsViewController.swift in Sources */,
				55BCD03E23DA35E5005BA92F /* Secrets.swift in Sources */,
				55AE762723D8DDE000AB976B /* PhotoCell.swift in Sources */,
				55AE762B23D8DF0200AB976B /* UIImage extension .swift in Sources */,
				554EF41323D7C27700AB25DC /* FileManager+Extension.swift in Sources */,
				554EF41523D7CD3900AB25DC /* PersistanceHelper.swift in Sources */,
			);
			runOnlyForDeploymentPostprocessing = 0;
		};
/* End PBXSourcesBuildPhase section */

/* Begin PBXVariantGroup section */
		559CE70D23D7A6A900EBC610 /* Main.storyboard */ = {
			isa = PBXVariantGroup;
			children = (
				559CE70E23D7A6A900EBC610 /* Base */,
			);
			name = Main.storyboard;
			sourceTree = "<group>";
		};
		559CE71223D7A6AE00EBC610 /* LaunchScreen.storyboard */ = {
			isa = PBXVariantGroup;
			children = (
				559CE71323D7A6AE00EBC610 /* Base */,
			);
			name = LaunchScreen.storyboard;
			sourceTree = "<group>";
		};
/* End PBXVariantGroup section */

/* Begin XCBuildConfiguration section */
		559CE71623D7A6AE00EBC610 /* Debug */ = {
			isa = XCBuildConfiguration;
			buildSettings = {
				ALWAYS_SEARCH_USER_PATHS = NO;
				CLANG_ANALYZER_NONNULL = YES;
				CLANG_ANALYZER_NUMBER_OBJECT_CONVERSION = YES_AGGRESSIVE;
				CLANG_CXX_LANGUAGE_STANDARD = "gnu++14";
				CLANG_CXX_LIBRARY = "libc++";
				CLANG_ENABLE_MODULES = YES;
				CLANG_ENABLE_OBJC_ARC = YES;
				CLANG_ENABLE_OBJC_WEAK = YES;
				CLANG_WARN_BLOCK_CAPTURE_AUTORELEASING = YES;
				CLANG_WARN_BOOL_CONVERSION = YES;
				CLANG_WARN_COMMA = YES;
				CLANG_WARN_CONSTANT_CONVERSION = YES;
				CLANG_WARN_DEPRECATED_OBJC_IMPLEMENTATIONS = YES;
				CLANG_WARN_DIRECT_OBJC_ISA_USAGE = YES_ERROR;
				CLANG_WARN_DOCUMENTATION_COMMENTS = YES;
				CLANG_WARN_EMPTY_BODY = YES;
				CLANG_WARN_ENUM_CONVERSION = YES;
				CLANG_WARN_INFINITE_RECURSION = YES;
				CLANG_WARN_INT_CONVERSION = YES;
				CLANG_WARN_NON_LITERAL_NULL_CONVERSION = YES;
				CLANG_WARN_OBJC_IMPLICIT_RETAIN_SELF = YES;
				CLANG_WARN_OBJC_LITERAL_CONVERSION = YES;
				CLANG_WARN_OBJC_ROOT_CLASS = YES_ERROR;
				CLANG_WARN_RANGE_LOOP_ANALYSIS = YES;
				CLANG_WARN_STRICT_PROTOTYPES = YES;
				CLANG_WARN_SUSPICIOUS_MOVE = YES;
				CLANG_WARN_UNGUARDED_AVAILABILITY = YES_AGGRESSIVE;
				CLANG_WARN_UNREACHABLE_CODE = YES;
				CLANG_WARN__DUPLICATE_METHOD_MATCH = YES;
				COPY_PHASE_STRIP = NO;
				DEBUG_INFORMATION_FORMAT = dwarf;
				ENABLE_STRICT_OBJC_MSGSEND = YES;
				ENABLE_TESTABILITY = YES;
				GCC_C_LANGUAGE_STANDARD = gnu11;
				GCC_DYNAMIC_NO_PIC = NO;
				GCC_NO_COMMON_BLOCKS = YES;
				GCC_OPTIMIZATION_LEVEL = 0;
				GCC_PREPROCESSOR_DEFINITIONS = (
					"DEBUG=1",
					"$(inherited)",
				);
				GCC_WARN_64_TO_32_BIT_CONVERSION = YES;
				GCC_WARN_ABOUT_RETURN_TYPE = YES_ERROR;
				GCC_WARN_UNDECLARED_SELECTOR = YES;
				GCC_WARN_UNINITIALIZED_AUTOS = YES_AGGRESSIVE;
				GCC_WARN_UNUSED_FUNCTION = YES;
				GCC_WARN_UNUSED_VARIABLE = YES;
				IPHONEOS_DEPLOYMENT_TARGET = 13.2;
				MTL_ENABLE_DEBUG_INFO = INCLUDE_SOURCE;
				MTL_FAST_MATH = YES;
				ONLY_ACTIVE_ARCH = YES;
				SDKROOT = iphoneos;
				SWIFT_ACTIVE_COMPILATION_CONDITIONS = DEBUG;
				SWIFT_OPTIMIZATION_LEVEL = "-Onone";
			};
			name = Debug;
		};
		559CE71723D7A6AE00EBC610 /* Release */ = {
			isa = XCBuildConfiguration;
			buildSettings = {
				ALWAYS_SEARCH_USER_PATHS = NO;
				CLANG_ANALYZER_NONNULL = YES;
				CLANG_ANALYZER_NUMBER_OBJECT_CONVERSION = YES_AGGRESSIVE;
				CLANG_CXX_LANGUAGE_STANDARD = "gnu++14";
				CLANG_CXX_LIBRARY = "libc++";
				CLANG_ENABLE_MODULES = YES;
				CLANG_ENABLE_OBJC_ARC = YES;
				CLANG_ENABLE_OBJC_WEAK = YES;
				CLANG_WARN_BLOCK_CAPTURE_AUTORELEASING = YES;
				CLANG_WARN_BOOL_CONVERSION = YES;
				CLANG_WARN_COMMA = YES;
				CLANG_WARN_CONSTANT_CONVERSION = YES;
				CLANG_WARN_DEPRECATED_OBJC_IMPLEMENTATIONS = YES;
				CLANG_WARN_DIRECT_OBJC_ISA_USAGE = YES_ERROR;
				CLANG_WARN_DOCUMENTATION_COMMENTS = YES;
				CLANG_WARN_EMPTY_BODY = YES;
				CLANG_WARN_ENUM_CONVERSION = YES;
				CLANG_WARN_INFINITE_RECURSION = YES;
				CLANG_WARN_INT_CONVERSION = YES;
				CLANG_WARN_NON_LITERAL_NULL_CONVERSION = YES;
				CLANG_WARN_OBJC_IMPLICIT_RETAIN_SELF = YES;
				CLANG_WARN_OBJC_LITERAL_CONVERSION = YES;
				CLANG_WARN_OBJC_ROOT_CLASS = YES_ERROR;
				CLANG_WARN_RANGE_LOOP_ANALYSIS = YES;
				CLANG_WARN_STRICT_PROTOTYPES = YES;
				CLANG_WARN_SUSPICIOUS_MOVE = YES;
				CLANG_WARN_UNGUARDED_AVAILABILITY = YES_AGGRESSIVE;
				CLANG_WARN_UNREACHABLE_CODE = YES;
				CLANG_WARN__DUPLICATE_METHOD_MATCH = YES;
				COPY_PHASE_STRIP = NO;
				DEBUG_INFORMATION_FORMAT = "dwarf-with-dsym";
				ENABLE_NS_ASSERTIONS = NO;
				ENABLE_STRICT_OBJC_MSGSEND = YES;
				GCC_C_LANGUAGE_STANDARD = gnu11;
				GCC_NO_COMMON_BLOCKS = YES;
				GCC_WARN_64_TO_32_BIT_CONVERSION = YES;
				GCC_WARN_ABOUT_RETURN_TYPE = YES_ERROR;
				GCC_WARN_UNDECLARED_SELECTOR = YES;
				GCC_WARN_UNINITIALIZED_AUTOS = YES_AGGRESSIVE;
				GCC_WARN_UNUSED_FUNCTION = YES;
				GCC_WARN_UNUSED_VARIABLE = YES;
				IPHONEOS_DEPLOYMENT_TARGET = 13.2;
				MTL_ENABLE_DEBUG_INFO = NO;
				MTL_FAST_MATH = YES;
				SDKROOT = iphoneos;
				SWIFT_COMPILATION_MODE = wholemodule;
				SWIFT_OPTIMIZATION_LEVEL = "-O";
				VALIDATE_PRODUCT = YES;
			};
			name = Release;
		};
		559CE71923D7A6AE00EBC610 /* Debug */ = {
			isa = XCBuildConfiguration;
			buildSettings = {
				ASSETCATALOG_COMPILER_APPICON_NAME = AppIcon;
				CODE_SIGN_STYLE = Automatic;
				DEVELOPMENT_TEAM = T3TVM2A475;
				INFOPLIST_FILE = "Persistence-Lab/Info.plist";
				LD_RUNPATH_SEARCH_PATHS = (
					"$(inherited)",
					"@executable_path/Frameworks",
				);
				PRODUCT_BUNDLE_IDENTIFIER = "pursuitful.Persistence-Lab";
				PRODUCT_NAME = "$(TARGET_NAME)";
				SWIFT_VERSION = 5.0;
				TARGETED_DEVICE_FAMILY = "1,2";
			};
			name = Debug;
		};
		559CE71A23D7A6AE00EBC610 /* Release */ = {
			isa = XCBuildConfiguration;
			buildSettings = {
				ASSETCATALOG_COMPILER_APPICON_NAME = AppIcon;
				CODE_SIGN_STYLE = Automatic;
				DEVELOPMENT_TEAM = T3TVM2A475;
				INFOPLIST_FILE = "Persistence-Lab/Info.plist";
				LD_RUNPATH_SEARCH_PATHS = (
					"$(inherited)",
					"@executable_path/Frameworks",
				);
				PRODUCT_BUNDLE_IDENTIFIER = "pursuitful.Persistence-Lab";
				PRODUCT_NAME = "$(TARGET_NAME)";
				SWIFT_VERSION = 5.0;
				TARGETED_DEVICE_FAMILY = "1,2";
			};
			name = Release;
		};
/* End XCBuildConfiguration section */

/* Begin XCConfigurationList section */
		559CE6FF23D7A6A900EBC610 /* Build configuration list for PBXProject "Persistence-Lab" */ = {
			isa = XCConfigurationList;
			buildConfigurations = (
				559CE71623D7A6AE00EBC610 /* Debug */,
				559CE71723D7A6AE00EBC610 /* Release */,
			);
			defaultConfigurationIsVisible = 0;
			defaultConfigurationName = Release;
		};
		559CE71823D7A6AE00EBC610 /* Build configuration list for PBXNativeTarget "Persistence-Lab" */ = {
			isa = XCConfigurationList;
			buildConfigurations = (
				559CE71923D7A6AE00EBC610 /* Debug */,
				559CE71A23D7A6AE00EBC610 /* Release */,
			);
			defaultConfigurationIsVisible = 0;
			defaultConfigurationName = Release;
		};
/* End XCConfigurationList section */

/* Begin XCRemoteSwiftPackageReference section */
		559CE72823D7B55E00EBC610 /* XCRemoteSwiftPackageReference "ImageKit" */ = {
			isa = XCRemoteSwiftPackageReference;
			repositoryURL = "https://github.com/alexpaul/ImageKit";
			requirement = {
				kind = upToNextMajorVersion;
				minimumVersion = 1.0.4;
			};
		};
/* End XCRemoteSwiftPackageReference section */

/* Begin XCSwiftPackageProductDependency section */
		559CE72923D7B55E00EBC610 /* ImageKit */ = {
			isa = XCSwiftPackageProductDependency;
			package = 559CE72823D7B55E00EBC610 /* XCRemoteSwiftPackageReference "ImageKit" */;
			productName = ImageKit;
		};
/* End XCSwiftPackageProductDependency section */
	};
	rootObject = 559CE6FC23D7A6A900EBC610 /* Project object */;
}
